<?xml version="1.0" encoding="UTF-8"?>
<!DOCTYPE plist PUBLIC "-//Apple//DTD PLIST 1.0//EN" "http://www.apple.com/DTDs/PropertyList-1.0.dtd">
<plist version="1.0">
<dict>
	<key>archiveVersion</key>
	<string>1</string>
	<key>classes</key>
	<dict/>
	<key>objectVersion</key>
	<string>46</string>
	<key>objects</key>
	<dict>
		<key>1008D61025E74127973D86B7</key>
		<dict>
			<key>buildActionMask</key>
			<string>2147483647</string>
			<key>files</key>
			<array/>
			<key>inputPaths</key>
			<array/>
			<key>isa</key>
			<string>PBXShellScriptBuildPhase</string>
			<key>name</key>
			<string>Copy Pods Resources</string>
			<key>outputPaths</key>
			<array/>
			<key>runOnlyForDeploymentPostprocessing</key>
			<string>0</string>
			<key>shellPath</key>
			<string>/bin/sh</string>
			<key>shellScript</key>
			<string>"${SRCROOT}/Pods/Pods-UnitTests-resources.sh"
</string>
			<key>showEnvVarsInLog</key>
			<string>0</string>
		</dict>
		<key>7F014E20188448CC009C073C</key>
		<dict>
			<key>isa</key>
			<string>PBXFileReference</string>
			<key>lastKnownFileType</key>
			<string>wrapper.framework</string>
			<key>name</key>
			<string>XCTest.framework</string>
			<key>path</key>
			<string>Library/Frameworks/XCTest.framework</string>
			<key>sourceTree</key>
			<string>DEVELOPER_DIR</string>
		</dict>
		<key>7F014E2218844910009C073C</key>
		<dict>
			<key>buildActionMask</key>
			<string>2147483647</string>
			<key>files</key>
			<array>
				<string>7F014E391884494E009C073C</string>
			</array>
			<key>isa</key>
			<string>PBXSourcesBuildPhase</string>
			<key>runOnlyForDeploymentPostprocessing</key>
			<string>0</string>
		</dict>
		<key>7F014E2318844910009C073C</key>
		<dict>
			<key>buildActionMask</key>
			<string>2147483647</string>
			<key>files</key>
			<array>
				<string>7F014E3A18844995009C073C</string>
				<string>7F014E2718844911009C073C</string>
				<string>7F014E2918844911009C073C</string>
				<string>7F014E2818844911009C073C</string>
				<string>B4A4838EDE494CD8B5EE390A</string>
			</array>
			<key>isa</key>
			<string>PBXFrameworksBuildPhase</string>
			<key>runOnlyForDeploymentPostprocessing</key>
			<string>0</string>
		</dict>
		<key>7F014E2418844910009C073C</key>
		<dict>
			<key>buildActionMask</key>
			<string>2147483647</string>
			<key>files</key>
			<array>
				<string>7F014E2F18844911009C073C</string>
			</array>
			<key>isa</key>
			<string>PBXResourcesBuildPhase</string>
			<key>runOnlyForDeploymentPostprocessing</key>
			<string>0</string>
		</dict>
		<key>7F014E2518844910009C073C</key>
		<dict>
			<key>buildConfigurationList</key>
			<string>7F014E3518844911009C073C</string>
			<key>buildPhases</key>
			<array>
				<string>84716BBB9A0F4AA2BE595D7D</string>
				<string>7F014E2218844910009C073C</string>
				<string>7F014E2318844910009C073C</string>
				<string>7F014E2418844910009C073C</string>
				<string>1008D61025E74127973D86B7</string>
			</array>
			<key>buildRules</key>
			<array/>
			<key>dependencies</key>
			<array>
				<string>7F014E3418844911009C073C</string>
			</array>
			<key>isa</key>
			<string>PBXNativeTarget</string>
			<key>name</key>
			<string>UnitTests</string>
			<key>productName</key>
			<string>UnitTests</string>
			<key>productReference</key>
			<string>7F014E2618844910009C073C</string>
			<key>productType</key>
			<string>com.apple.product-type.bundle.unit-test</string>
		</dict>
		<key>7F014E2618844910009C073C</key>
		<dict>
			<key>explicitFileType</key>
			<string>wrapper.cfbundle</string>
			<key>includeInIndex</key>
			<string>0</string>
			<key>isa</key>
			<string>PBXFileReference</string>
			<key>path</key>
			<string>UnitTests.xctest</string>
			<key>sourceTree</key>
			<string>BUILT_PRODUCTS_DIR</string>
		</dict>
		<key>7F014E2718844911009C073C</key>
		<dict>
			<key>fileRef</key>
			<string>7F014E20188448CC009C073C</string>
			<key>isa</key>
			<string>PBXBuildFile</string>
		</dict>
		<key>7F014E2818844911009C073C</key>
		<dict>
			<key>fileRef</key>
			<string>7F77E9B1177E7243005BBE22</string>
			<key>isa</key>
			<string>PBXBuildFile</string>
		</dict>
		<key>7F014E2918844911009C073C</key>
		<dict>
			<key>fileRef</key>
			<string>7FBE90F3177FAE6300352BE7</string>
			<key>isa</key>
			<string>PBXBuildFile</string>
		</dict>
		<key>7F014E2A18844911009C073C</key>
		<dict>
			<key>children</key>
			<array>
				<string>7F014E381884494E009C073C</string>
				<string>7F014E2B18844911009C073C</string>
			</array>
			<key>isa</key>
			<string>PBXGroup</string>
			<key>path</key>
			<string>UnitTests</string>
			<key>sourceTree</key>
			<string>&lt;group&gt;</string>
		</dict>
		<key>7F014E2B18844911009C073C</key>
		<dict>
			<key>children</key>
			<array>
				<string>7F014E2C18844911009C073C</string>
				<string>7F014E2D18844911009C073C</string>
				<string>7F014E3218844911009C073C</string>
			</array>
			<key>isa</key>
			<string>PBXGroup</string>
			<key>name</key>
			<string>Supporting Files</string>
			<key>sourceTree</key>
			<string>&lt;group&gt;</string>
		</dict>
		<key>7F014E2C18844911009C073C</key>
		<dict>
			<key>isa</key>
			<string>PBXFileReference</string>
			<key>lastKnownFileType</key>
			<string>text.plist.xml</string>
			<key>path</key>
			<string>UnitTests-Info.plist</string>
			<key>sourceTree</key>
			<string>&lt;group&gt;</string>
		</dict>
		<key>7F014E2D18844911009C073C</key>
		<dict>
			<key>children</key>
			<array>
				<string>7F014E2E18844911009C073C</string>
			</array>
			<key>isa</key>
			<string>PBXVariantGroup</string>
			<key>name</key>
			<string>InfoPlist.strings</string>
			<key>sourceTree</key>
			<string>&lt;group&gt;</string>
		</dict>
		<key>7F014E2E18844911009C073C</key>
		<dict>
			<key>isa</key>
			<string>PBXFileReference</string>
			<key>lastKnownFileType</key>
			<string>text.plist.strings</string>
			<key>name</key>
			<string>en</string>
			<key>path</key>
			<string>en.lproj/InfoPlist.strings</string>
			<key>sourceTree</key>
			<string>&lt;group&gt;</string>
		</dict>
		<key>7F014E2F18844911009C073C</key>
		<dict>
			<key>fileRef</key>
			<string>7F014E2D18844911009C073C</string>
			<key>isa</key>
			<string>PBXBuildFile</string>
		</dict>
		<key>7F014E3218844911009C073C</key>
		<dict>
			<key>isa</key>
			<string>PBXFileReference</string>
			<key>lastKnownFileType</key>
			<string>sourcecode.c.h</string>
			<key>path</key>
			<string>UnitTests-Prefix.pch</string>
			<key>sourceTree</key>
			<string>&lt;group&gt;</string>
		</dict>
		<key>7F014E3318844911009C073C</key>
		<dict>
			<key>containerPortal</key>
			<string>7F77E9A6177E7243005BBE22</string>
			<key>isa</key>
			<string>PBXContainerItemProxy</string>
			<key>proxyType</key>
			<string>1</string>
			<key>remoteGlobalIDString</key>
			<string>7F77E9AD177E7243005BBE22</string>
			<key>remoteInfo</key>
			<string>ISDiskCache</string>
		</dict>
		<key>7F014E3418844911009C073C</key>
		<dict>
			<key>isa</key>
			<string>PBXTargetDependency</string>
			<key>target</key>
			<string>7F77E9AD177E7243005BBE22</string>
			<key>targetProxy</key>
			<string>7F014E3318844911009C073C</string>
		</dict>
		<key>7F014E3518844911009C073C</key>
		<dict>
			<key>buildConfigurations</key>
			<array>
				<string>7F014E3618844911009C073C</string>
				<string>7F014E3718844911009C073C</string>
			</array>
			<key>defaultConfigurationIsVisible</key>
			<string>0</string>
			<key>defaultConfigurationName</key>
			<string>Release</string>
			<key>isa</key>
			<string>XCConfigurationList</string>
		</dict>
		<key>7F014E3618844911009C073C</key>
		<dict>
			<key>baseConfigurationReference</key>
			<string>F29D35911B5B49A49D7C74AD</string>
			<key>buildSettings</key>
			<dict>
				<key>ARCHS</key>
				<string>$(ARCHS_STANDARD_INCLUDING_64_BIT)</string>
				<key>CLANG_ENABLE_MODULES</key>
				<string>YES</string>
				<key>CLANG_WARN_BOOL_CONVERSION</key>
				<string>YES</string>
				<key>CLANG_WARN_DIRECT_OBJC_ISA_USAGE</key>
				<string>YES_ERROR</string>
				<key>CLANG_WARN_OBJC_ROOT_CLASS</key>
				<string>YES_ERROR</string>
				<key>FRAMEWORK_SEARCH_PATHS</key>
				<array>
					<string>$(SDKROOT)/Developer/Library/Frameworks</string>
					<string>$(inherited)</string>
					<string>$(DEVELOPER_FRAMEWORKS_DIR)</string>
				</array>
				<key>GCC_PRECOMPILE_PREFIX_HEADER</key>
				<string>YES</string>
				<key>GCC_PREFIX_HEADER</key>
				<string>UnitTests/UnitTests-Prefix.pch</string>
				<key>GCC_PREPROCESSOR_DEFINITIONS</key>
				<array>
					<string>DEBUG=1</string>
					<string>$(inherited)</string>
				</array>
				<key>GCC_WARN_64_TO_32_BIT_CONVERSION</key>
				<string>YES</string>
				<key>GCC_WARN_ABOUT_RETURN_TYPE</key>
				<string>YES_ERROR</string>
				<key>GCC_WARN_UNDECLARED_SELECTOR</key>
				<string>YES</string>
				<key>GCC_WARN_UNUSED_FUNCTION</key>
				<string>YES</string>
				<key>INFOPLIST_FILE</key>
				<string>UnitTests/UnitTests-Info.plist</string>
				<key>IPHONEOS_DEPLOYMENT_TARGET</key>
				<string>7.0</string>
				<key>PRODUCT_NAME</key>
				<string>$(TARGET_NAME)</string>
				<key>WRAPPER_EXTENSION</key>
				<string>xctest</string>
			</dict>
			<key>isa</key>
			<string>XCBuildConfiguration</string>
			<key>name</key>
			<string>Debug</string>
		</dict>
		<key>7F014E3718844911009C073C</key>
		<dict>
			<key>baseConfigurationReference</key>
			<string>F29D35911B5B49A49D7C74AD</string>
			<key>buildSettings</key>
			<dict>
				<key>ARCHS</key>
				<string>$(ARCHS_STANDARD_INCLUDING_64_BIT)</string>
				<key>CLANG_ENABLE_MODULES</key>
				<string>YES</string>
				<key>CLANG_WARN_BOOL_CONVERSION</key>
				<string>YES</string>
				<key>CLANG_WARN_DIRECT_OBJC_ISA_USAGE</key>
				<string>YES_ERROR</string>
				<key>CLANG_WARN_OBJC_ROOT_CLASS</key>
				<string>YES_ERROR</string>
				<key>ENABLE_NS_ASSERTIONS</key>
				<string>NO</string>
				<key>FRAMEWORK_SEARCH_PATHS</key>
				<array>
					<string>$(SDKROOT)/Developer/Library/Frameworks</string>
					<string>$(inherited)</string>
					<string>$(DEVELOPER_FRAMEWORKS_DIR)</string>
				</array>
				<key>GCC_PRECOMPILE_PREFIX_HEADER</key>
				<string>YES</string>
				<key>GCC_PREFIX_HEADER</key>
				<string>UnitTests/UnitTests-Prefix.pch</string>
				<key>GCC_WARN_64_TO_32_BIT_CONVERSION</key>
				<string>YES</string>
				<key>GCC_WARN_ABOUT_RETURN_TYPE</key>
				<string>YES_ERROR</string>
				<key>GCC_WARN_UNDECLARED_SELECTOR</key>
				<string>YES</string>
				<key>GCC_WARN_UNUSED_FUNCTION</key>
				<string>YES</string>
				<key>INFOPLIST_FILE</key>
				<string>UnitTests/UnitTests-Info.plist</string>
				<key>IPHONEOS_DEPLOYMENT_TARGET</key>
				<string>7.0</string>
				<key>PRODUCT_NAME</key>
				<string>$(TARGET_NAME)</string>
				<key>WRAPPER_EXTENSION</key>
				<string>xctest</string>
			</dict>
			<key>isa</key>
			<string>XCBuildConfiguration</string>
			<key>name</key>
			<string>Release</string>
		</dict>
		<key>7F014E381884494E009C073C</key>
		<dict>
			<key>fileEncoding</key>
			<string>4</string>
			<key>isa</key>
			<string>PBXFileReference</string>
			<key>lastKnownFileType</key>
			<string>sourcecode.c.objc</string>
			<key>path</key>
			<string>ISDiskCacheTests.m</string>
			<key>sourceTree</key>
			<string>&lt;group&gt;</string>
		</dict>
		<key>7F014E391884494E009C073C</key>
		<dict>
			<key>fileRef</key>
			<string>7F014E381884494E009C073C</string>
			<key>isa</key>
			<string>PBXBuildFile</string>
		</dict>
		<key>7F014E3A18844995009C073C</key>
		<dict>
			<key>fileRef</key>
			<string>7F77E9AE177E7243005BBE22</string>
			<key>isa</key>
			<string>PBXBuildFile</string>
		</dict>
		<key>7F77E9A5177E7243005BBE22</key>
		<dict>
			<key>children</key>
			<array>
				<string>7F77E9B3177E7243005BBE22</string>
				<string>7F014E2A18844911009C073C</string>
				<string>7F959A81177FA7650082C3CF</string>
				<string>7F77E9B0177E7243005BBE22</string>
				<string>7F77E9AF177E7243005BBE22</string>
				<string>F29D35911B5B49A49D7C74AD</string>
			</array>
			<key>isa</key>
			<string>PBXGroup</string>
			<key>sourceTree</key>
			<string>&lt;group&gt;</string>
		</dict>
		<key>7F77E9A6177E7243005BBE22</key>
		<dict>
			<key>attributes</key>
			<dict>
				<key>LastUpgradeCheck</key>
				<string>0460</string>
				<key>ORGANIZATIONNAME</key>
				<string>Yosuke Ishikawa</string>
				<key>TargetAttributes</key>
				<dict>
					<key>7F014E2518844910009C073C</key>
					<dict>
						<key>TestTargetID</key>
						<string>7F77E9AD177E7243005BBE22</string>
					</dict>
				</dict>
			</dict>
			<key>buildConfigurationList</key>
			<string>7F77E9A9177E7243005BBE22</string>
			<key>compatibilityVersion</key>
			<string>Xcode 3.2</string>
			<key>developmentRegion</key>
			<string>English</string>
			<key>hasScannedForEncodings</key>
			<string>0</string>
			<key>isa</key>
			<string>PBXProject</string>
			<key>knownRegions</key>
			<array>
				<string>en</string>
			</array>
			<key>mainGroup</key>
			<string>7F77E9A5177E7243005BBE22</string>
			<key>productRefGroup</key>
			<string>7F77E9AF177E7243005BBE22</string>
			<key>projectDirPath</key>
			<string></string>
			<key>projectReferences</key>
			<array/>
			<key>projectRoot</key>
			<string></string>
			<key>targets</key>
			<array>
				<string>7F77E9AD177E7243005BBE22</string>
				<string>7F014E2518844910009C073C</string>
				<string>7F959A7B177FA7650082C3CF</string>
			</array>
		</dict>
		<key>7F77E9A9177E7243005BBE22</key>
		<dict>
			<key>buildConfigurations</key>
			<array>
				<string>7F77E9D1177E7243005BBE22</string>
				<string>7F77E9D2177E7243005BBE22</string>
			</array>
			<key>defaultConfigurationIsVisible</key>
			<string>0</string>
			<key>defaultConfigurationName</key>
			<string>Release</string>
			<key>isa</key>
			<string>XCConfigurationList</string>
		</dict>
		<key>7F77E9AA177E7243005BBE22</key>
		<dict>
			<key>buildActionMask</key>
			<string>2147483647</string>
			<key>files</key>
			<array>
				<string>7F77E9B9177E7243005BBE22</string>
			</array>
			<key>isa</key>
			<string>PBXSourcesBuildPhase</string>
			<key>runOnlyForDeploymentPostprocessing</key>
			<string>0</string>
		</dict>
		<key>7F77E9AB177E7243005BBE22</key>
		<dict>
			<key>buildActionMask</key>
			<string>2147483647</string>
			<key>files</key>
			<array>
				<string>7F77E9B2177E7243005BBE22</string>
			</array>
			<key>isa</key>
			<string>PBXFrameworksBuildPhase</string>
			<key>runOnlyForDeploymentPostprocessing</key>
			<string>0</string>
		</dict>
		<key>7F77E9AC177E7243005BBE22</key>
		<dict>
			<key>buildActionMask</key>
			<string>2147483647</string>
			<key>dstPath</key>
			<string>include/${PRODUCT_NAME}</string>
			<key>dstSubfolderSpec</key>
			<string>16</string>
			<key>files</key>
			<array>
				<string>7F77E9B7177E7243005BBE22</string>
			</array>
			<key>isa</key>
			<string>PBXCopyFilesBuildPhase</string>
			<key>runOnlyForDeploymentPostprocessing</key>
			<string>0</string>
		</dict>
		<key>7F77E9AD177E7243005BBE22</key>
		<dict>
			<key>buildConfigurationList</key>
			<string>7F77E9D3177E7243005BBE22</string>
			<key>buildPhases</key>
			<array>
				<string>7F77E9AA177E7243005BBE22</string>
				<string>7F77E9AB177E7243005BBE22</string>
				<string>7F77E9AC177E7243005BBE22</string>
			</array>
			<key>buildRules</key>
			<array/>
			<key>dependencies</key>
			<array/>
			<key>isa</key>
			<string>PBXNativeTarget</string>
			<key>name</key>
			<string>ISDiskCache</string>
			<key>productName</key>
			<string>ISDiskCache</string>
			<key>productReference</key>
			<string>7F77E9AE177E7243005BBE22</string>
			<key>productType</key>
			<string>com.apple.product-type.library.static</string>
		</dict>
		<key>7F77E9AE177E7243005BBE22</key>
		<dict>
			<key>explicitFileType</key>
			<string>archive.ar</string>
			<key>includeInIndex</key>
			<string>0</string>
			<key>isa</key>
			<string>PBXFileReference</string>
			<key>path</key>
			<string>libISDiskCache.a</string>
			<key>sourceTree</key>
			<string>BUILT_PRODUCTS_DIR</string>
		</dict>
		<key>7F77E9AF177E7243005BBE22</key>
		<dict>
			<key>children</key>
			<array>
				<string>7F77E9AE177E7243005BBE22</string>
				<string>7F959A7C177FA7650082C3CF</string>
				<string>7F014E2618844910009C073C</string>
			</array>
			<key>isa</key>
			<string>PBXGroup</string>
			<key>name</key>
			<string>Products</string>
			<key>sourceTree</key>
			<string>&lt;group&gt;</string>
		</dict>
		<key>7F77E9B0177E7243005BBE22</key>
		<dict>
			<key>children</key>
			<array>
				<string>7F014E20188448CC009C073C</string>
				<string>7FBE90F3177FAE6300352BE7</string>
				<string>7F77E9B1177E7243005BBE22</string>
				<string>7F959A7F177FA7650082C3CF</string>
				<string>DF29E54792374EE19EC27FDA</string>
			</array>
			<key>isa</key>
			<string>PBXGroup</string>
			<key>name</key>
			<string>Frameworks</string>
			<key>sourceTree</key>
			<string>&lt;group&gt;</string>
		</dict>
		<key>7F77E9B1177E7243005BBE22</key>
		<dict>
			<key>isa</key>
			<string>PBXFileReference</string>
			<key>lastKnownFileType</key>
			<string>wrapper.framework</string>
			<key>name</key>
			<string>Foundation.framework</string>
			<key>path</key>
			<string>System/Library/Frameworks/Foundation.framework</string>
			<key>sourceTree</key>
			<string>SDKROOT</string>
		</dict>
		<key>7F77E9B2177E7243005BBE22</key>
		<dict>
			<key>fileRef</key>
			<string>7F77E9B1177E7243005BBE22</string>
			<key>isa</key>
			<string>PBXBuildFile</string>
		</dict>
		<key>7F77E9B3177E7243005BBE22</key>
		<dict>
			<key>children</key>
			<array>
				<string>7F77E9B6177E7243005BBE22</string>
				<string>7F77E9B8177E7243005BBE22</string>
				<string>7F77E9B4177E7243005BBE22</string>
			</array>
			<key>isa</key>
			<string>PBXGroup</string>
			<key>path</key>
			<string>ISDiskCache</string>
			<key>sourceTree</key>
			<string>&lt;group&gt;</string>
		</dict>
		<key>7F77E9B4177E7243005BBE22</key>
		<dict>
			<key>children</key>
			<array>
				<string>7F77E9B5177E7243005BBE22</string>
			</array>
			<key>isa</key>
			<string>PBXGroup</string>
			<key>name</key>
			<string>Supporting Files</string>
			<key>sourceTree</key>
			<string>&lt;group&gt;</string>
		</dict>
		<key>7F77E9B5177E7243005BBE22</key>
		<dict>
			<key>isa</key>
			<string>PBXFileReference</string>
			<key>lastKnownFileType</key>
			<string>sourcecode.c.h</string>
			<key>path</key>
			<string>ISDiskCache-Prefix.pch</string>
			<key>sourceTree</key>
			<string>&lt;group&gt;</string>
		</dict>
		<key>7F77E9B6177E7243005BBE22</key>
		<dict>
			<key>isa</key>
			<string>PBXFileReference</string>
			<key>lastKnownFileType</key>
			<string>sourcecode.c.h</string>
			<key>path</key>
			<string>ISDiskCache.h</string>
			<key>sourceTree</key>
			<string>&lt;group&gt;</string>
		</dict>
		<key>7F77E9B7177E7243005BBE22</key>
		<dict>
			<key>fileRef</key>
			<string>7F77E9B6177E7243005BBE22</string>
			<key>isa</key>
			<string>PBXBuildFile</string>
		</dict>
		<key>7F77E9B8177E7243005BBE22</key>
		<dict>
			<key>isa</key>
			<string>PBXFileReference</string>
			<key>lastKnownFileType</key>
			<string>sourcecode.c.objc</string>
			<key>path</key>
			<string>ISDiskCache.m</string>
			<key>sourceTree</key>
			<string>&lt;group&gt;</string>
		</dict>
		<key>7F77E9B9177E7243005BBE22</key>
		<dict>
			<key>fileRef</key>
			<string>7F77E9B8177E7243005BBE22</string>
			<key>isa</key>
			<string>PBXBuildFile</string>
		</dict>
		<key>7F77E9D1177E7243005BBE22</key>
		<dict>
			<key>buildSettings</key>
			<dict>
				<key>ALWAYS_SEARCH_USER_PATHS</key>
				<string>NO</string>
				<key>CLANG_CXX_LANGUAGE_STANDARD</key>
				<string>gnu++0x</string>
				<key>CLANG_CXX_LIBRARY</key>
				<string>libc++</string>
				<key>CLANG_ENABLE_OBJC_ARC</key>
				<string>YES</string>
				<key>CLANG_WARN_CONSTANT_CONVERSION</key>
				<string>YES</string>
				<key>CLANG_WARN_EMPTY_BODY</key>
				<string>YES</string>
				<key>CLANG_WARN_ENUM_CONVERSION</key>
				<string>YES</string>
				<key>CLANG_WARN_INT_CONVERSION</key>
				<string>YES</string>
				<key>CLANG_WARN__DUPLICATE_METHOD_MATCH</key>
				<string>YES</string>
				<key>COPY_PHASE_STRIP</key>
				<string>NO</string>
				<key>GCC_C_LANGUAGE_STANDARD</key>
				<string>gnu99</string>
				<key>GCC_DYNAMIC_NO_PIC</key>
				<string>NO</string>
				<key>GCC_OPTIMIZATION_LEVEL</key>
				<string>0</string>
				<key>GCC_PREPROCESSOR_DEFINITIONS</key>
				<array>
					<string>DEBUG=1</string>
					<string>$(inherited)</string>
				</array>
				<key>GCC_SYMBOLS_PRIVATE_EXTERN</key>
				<string>NO</string>
				<key>GCC_WARN_ABOUT_RETURN_TYPE</key>
				<string>YES</string>
				<key>GCC_WARN_UNINITIALIZED_AUTOS</key>
				<string>YES</string>
				<key>GCC_WARN_UNUSED_VARIABLE</key>
				<string>YES</string>
				<key>IPHONEOS_DEPLOYMENT_TARGET</key>
				<string>4.3</string>
				<key>ONLY_ACTIVE_ARCH</key>
				<string>YES</string>
				<key>SDKROOT</key>
				<string>iphoneos</string>
			</dict>
			<key>isa</key>
			<string>XCBuildConfiguration</string>
			<key>name</key>
			<string>Debug</string>
		</dict>
		<key>7F77E9D2177E7243005BBE22</key>
		<dict>
			<key>buildSettings</key>
			<dict>
				<key>ALWAYS_SEARCH_USER_PATHS</key>
				<string>NO</string>
				<key>CLANG_CXX_LANGUAGE_STANDARD</key>
				<string>gnu++0x</string>
				<key>CLANG_CXX_LIBRARY</key>
				<string>libc++</string>
				<key>CLANG_ENABLE_OBJC_ARC</key>
				<string>YES</string>
				<key>CLANG_WARN_CONSTANT_CONVERSION</key>
				<string>YES</string>
				<key>CLANG_WARN_EMPTY_BODY</key>
				<string>YES</string>
				<key>CLANG_WARN_ENUM_CONVERSION</key>
				<string>YES</string>
				<key>CLANG_WARN_INT_CONVERSION</key>
				<string>YES</string>
				<key>CLANG_WARN__DUPLICATE_METHOD_MATCH</key>
				<string>YES</string>
				<key>COPY_PHASE_STRIP</key>
				<string>YES</string>
				<key>GCC_C_LANGUAGE_STANDARD</key>
				<string>gnu99</string>
				<key>GCC_WARN_ABOUT_RETURN_TYPE</key>
				<string>YES</string>
				<key>GCC_WARN_UNINITIALIZED_AUTOS</key>
				<string>YES</string>
				<key>GCC_WARN_UNUSED_VARIABLE</key>
				<string>YES</string>
				<key>IPHONEOS_DEPLOYMENT_TARGET</key>
				<string>4.3</string>
				<key>SDKROOT</key>
				<string>iphoneos</string>
				<key>VALIDATE_PRODUCT</key>
				<string>YES</string>
			</dict>
			<key>isa</key>
			<string>XCBuildConfiguration</string>
			<key>name</key>
			<string>Release</string>
		</dict>
		<key>7F77E9D3177E7243005BBE22</key>
		<dict>
			<key>buildConfigurations</key>
			<array>
				<string>7F77E9D4177E7243005BBE22</string>
				<string>7F77E9D5177E7243005BBE22</string>
			</array>
			<key>defaultConfigurationIsVisible</key>
			<string>0</string>
			<key>defaultConfigurationName</key>
			<string>Release</string>
			<key>isa</key>
			<string>XCConfigurationList</string>
		</dict>
		<key>7F77E9D4177E7243005BBE22</key>
		<dict>
			<key>buildSettings</key>
			<dict>
				<key>DSTROOT</key>
				<string>/tmp/ISDiskCache.dst</string>
				<key>GCC_GENERATE_TEST_COVERAGE_FILES</key>
				<string>YES</string>
				<key>GCC_PRECOMPILE_PREFIX_HEADER</key>
				<string>YES</string>
				<key>GCC_PREFIX_HEADER</key>
				<string>ISDiskCache/ISDiskCache-Prefix.pch</string>
				<key>OTHER_LDFLAGS</key>
				<string>-ObjC</string>
				<key>PRODUCT_NAME</key>
				<string>$(TARGET_NAME)</string>
				<key>SKIP_INSTALL</key>
				<string>YES</string>
			</dict>
			<key>isa</key>
			<string>XCBuildConfiguration</string>
			<key>name</key>
			<string>Debug</string>
		</dict>
		<key>7F77E9D5177E7243005BBE22</key>
		<dict>
			<key>buildSettings</key>
			<dict>
				<key>DSTROOT</key>
				<string>/tmp/ISDiskCache.dst</string>
				<key>GCC_GENERATE_TEST_COVERAGE_FILES</key>
				<string>YES</string>
				<key>GCC_PRECOMPILE_PREFIX_HEADER</key>
				<string>YES</string>
				<key>GCC_PREFIX_HEADER</key>
				<string>ISDiskCache/ISDiskCache-Prefix.pch</string>
				<key>OTHER_LDFLAGS</key>
				<string>-ObjC</string>
				<key>PRODUCT_NAME</key>
				<string>$(TARGET_NAME)</string>
				<key>SKIP_INSTALL</key>
				<string>YES</string>
			</dict>
			<key>isa</key>
			<string>XCBuildConfiguration</string>
			<key>name</key>
			<string>Release</string>
		</dict>
		<key>7F959A78177FA7650082C3CF</key>
		<dict>
			<key>buildActionMask</key>
			<string>2147483647</string>
			<key>files</key>
			<array>
				<string>7F959A88177FA7650082C3CF</string>
				<string>7F959A8C177FA7650082C3CF</string>
				<string>7F959A98177FA7850082C3CF</string>
			</array>
			<key>isa</key>
			<string>PBXSourcesBuildPhase</string>
			<key>runOnlyForDeploymentPostprocessing</key>
			<string>0</string>
		</dict>
		<key>7F959A79177FA7650082C3CF</key>
		<dict>
			<key>buildActionMask</key>
			<string>2147483647</string>
			<key>files</key>
			<array>
				<string>7FBE90F4177FAE6300352BE7</string>
				<string>7FBE90F2177FAE5A00352BE7</string>
				<string>7F959A7E177FA7650082C3CF</string>
				<string>7F959A80177FA7650082C3CF</string>
			</array>
			<key>isa</key>
			<string>PBXFrameworksBuildPhase</string>
			<key>runOnlyForDeploymentPostprocessing</key>
			<string>0</string>
		</dict>
		<key>7F959A7A177FA7650082C3CF</key>
		<dict>
			<key>buildActionMask</key>
			<string>2147483647</string>
			<key>files</key>
			<array>
				<string>7F959A86177FA7650082C3CF</string>
				<string>7F959A8E177FA7650082C3CF</string>
				<string>7F959A90177FA7650082C3CF</string>
				<string>7F959A92177FA7650082C3CF</string>
				<string>7FBE90EE177FABA400352BE7</string>
				<string>7FBE90EF177FABA400352BE7</string>
			</array>
			<key>isa</key>
			<string>PBXResourcesBuildPhase</string>
			<key>runOnlyForDeploymentPostprocessing</key>
			<string>0</string>
		</dict>
		<key>7F959A7B177FA7650082C3CF</key>
		<dict>
			<key>buildConfigurationList</key>
			<string>7F959A95177FA7650082C3CF</string>
			<key>buildPhases</key>
			<array>
				<string>7F959A78177FA7650082C3CF</string>
				<string>7F959A79177FA7650082C3CF</string>
				<string>7F959A7A177FA7650082C3CF</string>
			</array>
			<key>buildRules</key>
			<array/>
			<key>dependencies</key>
			<array>
				<string>7FBE90F1177FAE5600352BE7</string>
			</array>
			<key>isa</key>
			<string>PBXNativeTarget</string>
			<key>name</key>
			<string>DemoApp</string>
			<key>productName</key>
			<string>DemoApp</string>
			<key>productReference</key>
			<string>7F959A7C177FA7650082C3CF</string>
			<key>productType</key>
			<string>com.apple.product-type.application</string>
		</dict>
		<key>7F959A7C177FA7650082C3CF</key>
		<dict>
			<key>explicitFileType</key>
			<string>wrapper.application</string>
			<key>includeInIndex</key>
			<string>0</string>
			<key>isa</key>
			<string>PBXFileReference</string>
			<key>path</key>
			<string>DemoApp.app</string>
			<key>sourceTree</key>
			<string>BUILT_PRODUCTS_DIR</string>
		</dict>
		<key>7F959A7E177FA7650082C3CF</key>
		<dict>
			<key>fileRef</key>
			<string>7F77E9B1177E7243005BBE22</string>
			<key>isa</key>
			<string>PBXBuildFile</string>
		</dict>
		<key>7F959A7F177FA7650082C3CF</key>
		<dict>
			<key>isa</key>
			<string>PBXFileReference</string>
			<key>lastKnownFileType</key>
			<string>wrapper.framework</string>
			<key>name</key>
			<string>CoreGraphics.framework</string>
			<key>path</key>
			<string>System/Library/Frameworks/CoreGraphics.framework</string>
			<key>sourceTree</key>
			<string>SDKROOT</string>
		</dict>
		<key>7F959A80177FA7650082C3CF</key>
		<dict>
			<key>fileRef</key>
			<string>7F959A7F177FA7650082C3CF</string>
			<key>isa</key>
			<string>PBXBuildFile</string>
		</dict>
		<key>7F959A81177FA7650082C3CF</key>
		<dict>
			<key>children</key>
			<array>
				<string>7F959A8A177FA7650082C3CF</string>
				<string>7F959A8B177FA7650082C3CF</string>
				<string>7F959A96177FA7850082C3CF</string>
				<string>7F959A97177FA7850082C3CF</string>
				<string>7F959A82177FA7650082C3CF</string>
			</array>
			<key>isa</key>
			<string>PBXGroup</string>
			<key>path</key>
			<string>DemoApp</string>
			<key>sourceTree</key>
			<string>&lt;group&gt;</string>
		</dict>
		<key>7F959A82177FA7650082C3CF</key>
		<dict>
			<key>children</key>
			<array>
				<string>7F959A83177FA7650082C3CF</string>
				<string>7F959A84177FA7650082C3CF</string>
				<string>7F959A87177FA7650082C3CF</string>
				<string>7F959A89177FA7650082C3CF</string>
				<string>7FBE90EC177FABA400352BE7</string>
				<string>7FBE90ED177FABA400352BE7</string>
				<string>7F959A8D177FA7650082C3CF</string>
				<string>7F959A8F177FA7650082C3CF</string>
				<string>7F959A91177FA7650082C3CF</string>
			</array>
			<key>isa</key>
			<string>PBXGroup</string>
			<key>name</key>
			<string>Supporting Files</string>
			<key>sourceTree</key>
			<string>&lt;group&gt;</string>
		</dict>
		<key>7F959A83177FA7650082C3CF</key>
		<dict>
			<key>isa</key>
			<string>PBXFileReference</string>
			<key>lastKnownFileType</key>
			<string>text.plist.xml</string>
			<key>path</key>
			<string>DemoApp-Info.plist</string>
			<key>sourceTree</key>
			<string>&lt;group&gt;</string>
		</dict>
		<key>7F959A84177FA7650082C3CF</key>
		<dict>
			<key>children</key>
			<array>
				<string>7F959A85177FA7650082C3CF</string>
			</array>
			<key>isa</key>
			<string>PBXVariantGroup</string>
			<key>name</key>
			<string>InfoPlist.strings</string>
			<key>sourceTree</key>
			<string>&lt;group&gt;</string>
		</dict>
		<key>7F959A85177FA7650082C3CF</key>
		<dict>
			<key>isa</key>
			<string>PBXFileReference</string>
			<key>lastKnownFileType</key>
			<string>text.plist.strings</string>
			<key>name</key>
			<string>en</string>
			<key>path</key>
			<string>en.lproj/InfoPlist.strings</string>
			<key>sourceTree</key>
			<string>&lt;group&gt;</string>
		</dict>
		<key>7F959A86177FA7650082C3CF</key>
		<dict>
			<key>fileRef</key>
			<string>7F959A84177FA7650082C3CF</string>
			<key>isa</key>
			<string>PBXBuildFile</string>
		</dict>
		<key>7F959A87177FA7650082C3CF</key>
		<dict>
			<key>isa</key>
			<string>PBXFileReference</string>
			<key>lastKnownFileType</key>
			<string>sourcecode.c.objc</string>
			<key>path</key>
			<string>main.m</string>
			<key>sourceTree</key>
			<string>&lt;group&gt;</string>
		</dict>
		<key>7F959A88177FA7650082C3CF</key>
		<dict>
			<key>fileRef</key>
			<string>7F959A87177FA7650082C3CF</string>
			<key>isa</key>
			<string>PBXBuildFile</string>
		</dict>
		<key>7F959A89177FA7650082C3CF</key>
		<dict>
			<key>isa</key>
			<string>PBXFileReference</string>
			<key>lastKnownFileType</key>
			<string>sourcecode.c.h</string>
			<key>path</key>
			<string>DemoApp-Prefix.pch</string>
			<key>sourceTree</key>
			<string>&lt;group&gt;</string>
		</dict>
		<key>7F959A8A177FA7650082C3CF</key>
		<dict>
			<key>isa</key>
			<string>PBXFileReference</string>
			<key>lastKnownFileType</key>
			<string>sourcecode.c.h</string>
			<key>path</key>
			<string>ISAppDelegate.h</string>
			<key>sourceTree</key>
			<string>&lt;group&gt;</string>
		</dict>
		<key>7F959A8B177FA7650082C3CF</key>
		<dict>
			<key>isa</key>
			<string>PBXFileReference</string>
			<key>lastKnownFileType</key>
			<string>sourcecode.c.objc</string>
			<key>path</key>
			<string>ISAppDelegate.m</string>
			<key>sourceTree</key>
			<string>&lt;group&gt;</string>
		</dict>
		<key>7F959A8C177FA7650082C3CF</key>
		<dict>
			<key>fileRef</key>
			<string>7F959A8B177FA7650082C3CF</string>
			<key>isa</key>
			<string>PBXBuildFile</string>
		</dict>
		<key>7F959A8D177FA7650082C3CF</key>
		<dict>
			<key>isa</key>
			<string>PBXFileReference</string>
			<key>lastKnownFileType</key>
			<string>image.png</string>
			<key>path</key>
			<string>Default.png</string>
			<key>sourceTree</key>
			<string>&lt;group&gt;</string>
		</dict>
		<key>7F959A8E177FA7650082C3CF</key>
		<dict>
			<key>fileRef</key>
			<string>7F959A8D177FA7650082C3CF</string>
			<key>isa</key>
			<string>PBXBuildFile</string>
		</dict>
		<key>7F959A8F177FA7650082C3CF</key>
		<dict>
			<key>isa</key>
			<string>PBXFileReference</string>
			<key>lastKnownFileType</key>
			<string>image.png</string>
			<key>path</key>
			<string>Default@2x.png</string>
			<key>sourceTree</key>
			<string>&lt;group&gt;</string>
		</dict>
		<key>7F959A90177FA7650082C3CF</key>
		<dict>
			<key>fileRef</key>
			<string>7F959A8F177FA7650082C3CF</string>
			<key>isa</key>
			<string>PBXBuildFile</string>
		</dict>
		<key>7F959A91177FA7650082C3CF</key>
		<dict>
			<key>isa</key>
			<string>PBXFileReference</string>
			<key>lastKnownFileType</key>
			<string>image.png</string>
			<key>path</key>
			<string>Default-568h@2x.png</string>
			<key>sourceTree</key>
			<string>&lt;group&gt;</string>
		</dict>
		<key>7F959A92177FA7650082C3CF</key>
		<dict>
			<key>fileRef</key>
			<string>7F959A91177FA7650082C3CF</string>
			<key>isa</key>
			<string>PBXBuildFile</string>
		</dict>
		<key>7F959A93177FA7650082C3CF</key>
		<dict>
			<key>buildSettings</key>
			<dict>
				<key>CODE_SIGN_IDENTITY[sdk=iphoneos*]</key>
				<string>iPhone Developer</string>
				<key>FRAMEWORK_SEARCH_PATHS</key>
				<array>
					<string>$(inherited)</string>
					<string>"$(SYSTEM_APPS_DIR)/Xcode.app/Contents/Developer/Library/Frameworks"</string>
				</array>
				<key>GCC_PRECOMPILE_PREFIX_HEADER</key>
				<string>YES</string>
				<key>GCC_PREFIX_HEADER</key>
				<string>DemoApp/DemoApp-Prefix.pch</string>
				<key>HEADER_SEARCH_PATHS</key>
				<string>$(SRCROOT)</string>
				<key>INFOPLIST_FILE</key>
				<string>DemoApp/DemoApp-Info.plist</string>
				<key>PRODUCT_NAME</key>
				<string>$(TARGET_NAME)</string>
				<key>WRAPPER_EXTENSION</key>
				<string>app</string>
			</dict>
			<key>isa</key>
			<string>XCBuildConfiguration</string>
			<key>name</key>
			<string>Debug</string>
		</dict>
		<key>7F959A94177FA7650082C3CF</key>
		<dict>
			<key>buildSettings</key>
			<dict>
				<key>CODE_SIGN_IDENTITY[sdk=iphoneos*]</key>
				<string>iPhone Developer</string>
				<key>FRAMEWORK_SEARCH_PATHS</key>
				<array>
					<string>$(inherited)</string>
					<string>"$(SYSTEM_APPS_DIR)/Xcode.app/Contents/Developer/Library/Frameworks"</string>
				</array>
				<key>GCC_PRECOMPILE_PREFIX_HEADER</key>
				<string>YES</string>
				<key>GCC_PREFIX_HEADER</key>
				<string>DemoApp/DemoApp-Prefix.pch</string>
				<key>HEADER_SEARCH_PATHS</key>
				<string>$(SRCROOT)</string>
				<key>INFOPLIST_FILE</key>
				<string>DemoApp/DemoApp-Info.plist</string>
				<key>OTHER_CFLAGS</key>
				<string>-DNS_BLOCK_ASSERTIONS=1</string>
				<key>PRODUCT_NAME</key>
				<string>$(TARGET_NAME)</string>
				<key>WRAPPER_EXTENSION</key>
				<string>app</string>
			</dict>
			<key>isa</key>
			<string>XCBuildConfiguration</string>
			<key>name</key>
			<string>Release</string>
		</dict>
		<key>7F959A95177FA7650082C3CF</key>
		<dict>
			<key>buildConfigurations</key>
			<array>
				<string>7F959A93177FA7650082C3CF</string>
				<string>7F959A94177FA7650082C3CF</string>
			</array>
			<key>defaultConfigurationIsVisible</key>
			<string>0</string>
			<key>defaultConfigurationName</key>
			<string>Release</string>
			<key>isa</key>
			<string>XCConfigurationList</string>
		</dict>
		<key>7F959A96177FA7850082C3CF</key>
		<dict>
			<key>fileEncoding</key>
			<string>4</string>
			<key>isa</key>
			<string>PBXFileReference</string>
			<key>lastKnownFileType</key>
			<string>sourcecode.c.h</string>
			<key>path</key>
			<string>ISViewController.h</string>
			<key>sourceTree</key>
			<string>&lt;group&gt;</string>
		</dict>
		<key>7F959A97177FA7850082C3CF</key>
		<dict>
			<key>fileEncoding</key>
			<string>4</string>
			<key>isa</key>
			<string>PBXFileReference</string>
			<key>lastKnownFileType</key>
			<string>sourcecode.c.objc</string>
			<key>path</key>
			<string>ISViewController.m</string>
			<key>sourceTree</key>
			<string>&lt;group&gt;</string>
		</dict>
		<key>7F959A98177FA7850082C3CF</key>
		<dict>
			<key>fileRef</key>
			<string>7F959A97177FA7850082C3CF</string>
			<key>isa</key>
			<string>PBXBuildFile</string>
		</dict>
		<key>7FBE90EC177FABA400352BE7</key>
		<dict>
			<key>isa</key>
			<string>PBXFileReference</string>
			<key>lastKnownFileType</key>
			<string>image.png</string>
			<key>path</key>
			<string>placeholder.png</string>
			<key>sourceTree</key>
			<string>&lt;group&gt;</string>
		</dict>
		<key>7FBE90ED177FABA400352BE7</key>
		<dict>
			<key>isa</key>
			<string>PBXFileReference</string>
			<key>lastKnownFileType</key>
			<string>image.png</string>
			<key>path</key>
			<string>placeholder@2x.png</string>
			<key>sourceTree</key>
			<string>&lt;group&gt;</string>
		</dict>
		<key>7FBE90EE177FABA400352BE7</key>
		<dict>
			<key>fileRef</key>
			<string>7FBE90EC177FABA400352BE7</string>
			<key>isa</key>
			<string>PBXBuildFile</string>
		</dict>
		<key>7FBE90EF177FABA400352BE7</key>
		<dict>
			<key>fileRef</key>
			<string>7FBE90ED177FABA400352BE7</string>
			<key>isa</key>
			<string>PBXBuildFile</string>
		</dict>
		<key>7FBE90F0177FAE5600352BE7</key>
		<dict>
			<key>containerPortal</key>
			<string>7F77E9A6177E7243005BBE22</string>
			<key>isa</key>
			<string>PBXContainerItemProxy</string>
			<key>proxyType</key>
			<string>1</string>
			<key>remoteGlobalIDString</key>
			<string>7F77E9AD177E7243005BBE22</string>
			<key>remoteInfo</key>
			<string>ISDiskCache</string>
		</dict>
		<key>7FBE90F1177FAE5600352BE7</key>
		<dict>
			<key>isa</key>
			<string>PBXTargetDependency</string>
			<key>target</key>
			<string>7F77E9AD177E7243005BBE22</string>
			<key>targetProxy</key>
			<string>7FBE90F0177FAE5600352BE7</string>
		</dict>
		<key>7FBE90F2177FAE5A00352BE7</key>
		<dict>
			<key>fileRef</key>
			<string>7F77E9AE177E7243005BBE22</string>
			<key>isa</key>
			<string>PBXBuildFile</string>
		</dict>
		<key>7FBE90F3177FAE6300352BE7</key>
		<dict>
			<key>isa</key>
			<string>PBXFileReference</string>
			<key>lastKnownFileType</key>
			<string>wrapper.framework</string>
			<key>name</key>
			<string>UIKit.framework</string>
			<key>path</key>
			<string>System/Library/Frameworks/UIKit.framework</string>
			<key>sourceTree</key>
			<string>SDKROOT</string>
		</dict>
		<key>7FBE90F4177FAE6300352BE7</key>
		<dict>
			<key>fileRef</key>
			<string>7FBE90F3177FAE6300352BE7</string>
			<key>isa</key>
			<string>PBXBuildFile</string>
		</dict>
		<key>84716BBB9A0F4AA2BE595D7D</key>
		<dict>
			<key>buildActionMask</key>
			<string>2147483647</string>
			<key>files</key>
			<array/>
			<key>inputPaths</key>
			<array/>
			<key>isa</key>
			<string>PBXShellScriptBuildPhase</string>
			<key>name</key>
			<string>Check Pods Manifest.lock</string>
			<key>outputPaths</key>
			<array/>
			<key>runOnlyForDeploymentPostprocessing</key>
			<string>0</string>
			<key>shellPath</key>
			<string>/bin/sh</string>
			<key>shellScript</key>
			<string>diff "${PODS_ROOT}/../Podfile.lock" "${PODS_ROOT}/Manifest.lock" &gt; /dev/null
if [[ $? != 0 ]] ; then
    cat &lt;&lt; EOM
error: The sandbox is not in sync with the Podfile.lock. Run 'pod install' or update your CocoaPods installation.
EOM
    exit 1
fi
</string>
			<key>showEnvVarsInLog</key>
			<string>0</string>
		</dict>
		<key>B4A4838EDE494CD8B5EE390A</key>
		<dict>
			<key>fileRef</key>
			<string>DF29E54792374EE19EC27FDA</string>
			<key>isa</key>
			<string>PBXBuildFile</string>
		</dict>
		<key>DF29E54792374EE19EC27FDA</key>
		<dict>
			<key>explicitFileType</key>
			<string>archive.ar</string>
			<key>includeInIndex</key>
			<string>0</string>
			<key>isa</key>
			<string>PBXFileReference</string>
			<key>path</key>
			<string>libPods-UnitTests.a</string>
			<key>sourceTree</key>
			<string>BUILT_PRODUCTS_DIR</string>
		</dict>
		<key>F29D35911B5B49A49D7C74AD</key>
		<dict>
			<key>includeInIndex</key>
			<string>1</string>
			<key>isa</key>
			<string>PBXFileReference</string>
			<key>lastKnownFileType</key>
			<string>text.xcconfig</string>
			<key>name</key>
			<string>Pods-UnitTests.xcconfig</string>
			<key>path</key>
			<string>Pods/Pods-UnitTests.xcconfig</string>
			<key>sourceTree</key>
			<string>&lt;group&gt;</string>
		</dict>
	</dict>
	<key>rootObject</key>
	<string>7F77E9A6177E7243005BBE22</string>
</dict>
</plist>
